
Microsoft Visual Studio Solution File, Format Version 12.00
# Visual Studio 15
VisualStudioVersion = 15.0.28010.2003
MinimumVisualStudioVersion = 10.0.40219.1
Project("{FAE04EC0-301F-11D3-BF4B-00C04F79EFBC}") = "Draw_Patterns_WinForm", "..\..\Draw_Patterns\Draw_Patterns_WinForm\Draw_Patterns_WinForm.csproj", "{5960C0F7-CACB-4806-B97F-9DA0001E9D99}"
EndProject
Global
	GlobalSection(SolutionConfigurationPlatforms) = preSolution
		Debug|Any CPU = Debug|Any CPU
		Release|Any CPU = Release|Any CPU
	EndGlobalSection
	GlobalSection(ProjectConfigurationPlatforms) = postSolution
		{5960C0F7-CACB-4806-B97F-9DA0001E9D99}.Debug|Any CPU.ActiveCfg = Debug|Any CPU
		{5960C0F7-CACB-4806-B97F-9DA0001E9D99}.Debug|Any CPU.Build.0 = Debug|Any CPU
		{5960C0F7-CACB-4806-B97F-9DA0001E9D99}.Release|Any CPU.ActiveCfg = Release|Any CPU
		{5960C0F7-CACB-4806-B97F-9DA0001E9D99}.Release|Any CPU.Build.0 = Release|Any CPU
	EndGlobalSection
	GlobalSection(SolutionProperties) = preSolution
		HideSolutionNode = FALSE
	EndGlobalSection
	GlobalSection(ExtensibilityGlobals) = postSolution
		SolutionGuid = {D8E5D0C7-FFD8-4516-8105-597FFAA8F3DB}
	EndGlobalSection
EndGlobal
